// !$*UTF8*$!
{
	archiveVersion = 1;
	classes = {
	};
	objectVersion = 46;
	objects = {

/* Begin PBXBuildFile section */
		A77E993119AE75AB00045D69 /* Foundation.framework in Frameworks */ = {isa = PBXBuildFile; fileRef = A77E993019AE75AB00045D69 /* Foundation.framework */; };
		A77E993319AE75AB00045D69 /* CoreGraphics.framework in Frameworks */ = {isa = PBXBuildFile; fileRef = A77E993219AE75AB00045D69 /* CoreGraphics.framework */; };
		A77E993519AE75AB00045D69 /* UIKit.framework in Frameworks */ = {isa = PBXBuildFile; fileRef = A77E993419AE75AB00045D69 /* UIKit.framework */; };
		A77E993B19AE75AB00045D69 /* InfoPlist.strings in Resources */ = {isa = PBXBuildFile; fileRef = A77E993919AE75AB00045D69 /* InfoPlist.strings */; };
		A77E993D19AE75AB00045D69 /* main.m in Sources */ = {isa = PBXBuildFile; fileRef = A77E993C19AE75AB00045D69 /* main.m */; };
		A77E994119AE75AB00045D69 /* AGEUITVCCSAppDelegate.m in Sources */ = {isa = PBXBuildFile; fileRef = A77E994019AE75AB00045D69 /* AGEUITVCCSAppDelegate.m */; };
		A77E994419AE75AB00045D69 /* Main.storyboard in Resources */ = {isa = PBXBuildFile; fileRef = A77E994219AE75AB00045D69 /* Main.storyboard */; };
		A77E994719AE75AB00045D69 /* AGEUITVCCSViewController.m in Sources */ = {isa = PBXBuildFile; fileRef = A77E994619AE75AB00045D69 /* AGEUITVCCSViewController.m */; };
		A77E994919AE75AB00045D69 /* Images.xcassets in Resources */ = {isa = PBXBuildFile; fileRef = A77E994819AE75AB00045D69 /* Images.xcassets */; };
		A77E995019AE75AB00045D69 /* XCTest.framework in Frameworks */ = {isa = PBXBuildFile; fileRef = A77E994F19AE75AB00045D69 /* XCTest.framework */; };
		A77E995119AE75AB00045D69 /* Foundation.framework in Frameworks */ = {isa = PBXBuildFile; fileRef = A77E993019AE75AB00045D69 /* Foundation.framework */; };
		A77E995219AE75AB00045D69 /* UIKit.framework in Frameworks */ = {isa = PBXBuildFile; fileRef = A77E993419AE75AB00045D69 /* UIKit.framework */; };
		A77E995A19AE75AB00045D69 /* InfoPlist.strings in Resources */ = {isa = PBXBuildFile; fileRef = A77E995819AE75AB00045D69 /* InfoPlist.strings */; };
		A77E995C19AE75AB00045D69 /* UITVCCSTests.m in Sources */ = {isa = PBXBuildFile; fileRef = A77E995B19AE75AB00045D69 /* UITVCCSTests.m */; };
/* End PBXBuildFile section */

/* Begin PBXContainerItemProxy section */
		A77E995319AE75AB00045D69 /* PBXContainerItemProxy */ = {
			isa = PBXContainerItemProxy;
			containerPortal = A77E992519AE75AB00045D69 /* Project object */;
			proxyType = 1;
			remoteGlobalIDString = A77E992C19AE75AB00045D69;
			remoteInfo = UITVCCS;
		};
/* End PBXContainerItemProxy section */

/* Begin PBXFileReference section */
		A77E992D19AE75AB00045D69 /* UITVCCS.app */ = {isa = PBXFileReference; explicitFileType = wrapper.application; includeInIndex = 0; path = UITVCCS.app; sourceTree = BUILT_PRODUCTS_DIR; };
		A77E993019AE75AB00045D69 /* Foundation.framework */ = {isa = PBXFileReference; lastKnownFileType = wrapper.framework; name = Foundation.framework; path = System/Library/Frameworks/Foundation.framework; sourceTree = SDKROOT; };
		A77E993219AE75AB00045D69 /* CoreGraphics.framework */ = {isa = PBXFileReference; lastKnownFileType = wrapper.framework; name = CoreGraphics.framework; path = System/Library/Frameworks/CoreGraphics.framework; sourceTree = SDKROOT; };
		A77E993419AE75AB00045D69 /* UIKit.framework */ = {isa = PBXFileReference; lastKnownFileType = wrapper.framework; name = UIKit.framework; path = System/Library/Frameworks/UIKit.framework; sourceTree = SDKROOT; };
		A77E993819AE75AB00045D69 /* UITVCCS-Info.plist */ = {isa = PBXFileReference; lastKnownFileType = text.plist.xml; path = "UITVCCS-Info.plist"; sourceTree = "<group>"; };
		A77E993A19AE75AB00045D69 /* en */ = {isa = PBXFileReference; lastKnownFileType = text.plist.strings; name = en; path = en.lproj/InfoPlist.strings; sourceTree = "<group>"; };
		A77E993C19AE75AB00045D69 /* main.m */ = {isa = PBXFileReference; lastKnownFileType = sourcecode.c.objc; path = main.m; sourceTree = "<group>"; };
		A77E993E19AE75AB00045D69 /* UITVCCS-Prefix.pch */ = {isa = PBXFileReference; lastKnownFileType = sourcecode.c.h; path = "UITVCCS-Prefix.pch"; sourceTree = "<group>"; };
		A77E993F19AE75AB00045D69 /* AGEUITVCCSAppDelegate.h */ = {isa = PBXFileReference; lastKnownFileType = sourcecode.c.h; path = AGEUITVCCSAppDelegate.h; sourceTree = "<group>"; };
		A77E994019AE75AB00045D69 /* AGEUITVCCSAppDelegate.m */ = {isa = PBXFileReference; lastKnownFileType = sourcecode.c.objc; path = AGEUITVCCSAppDelegate.m; sourceTree = "<group>"; };
		A77E994319AE75AB00045D69 /* Base */ = {isa = PBXFileReference; lastKnownFileType = file.storyboard; name = Base; path = Base.lproj/Main.storyboard; sourceTree = "<group>"; };
		A77E994519AE75AB00045D69 /* AGEUITVCCSViewController.h */ = {isa = PBXFileReference; lastKnownFileType = sourcecode.c.h; path = AGEUITVCCSViewController.h; sourceTree = "<group>"; };
		A77E994619AE75AB00045D69 /* AGEUITVCCSViewController.m */ = {isa = PBXFileReference; lastKnownFileType = sourcecode.c.objc; path = AGEUITVCCSViewController.m; sourceTree = "<group>"; };
		A77E994819AE75AB00045D69 /* Images.xcassets */ = {isa = PBXFileReference; lastKnownFileType = folder.assetcatalog; path = Images.xcassets; sourceTree = "<group>"; };
		A77E994E19AE75AB00045D69 /* UITVCCSTests.xctest */ = {isa = PBXFileReference; explicitFileType = wrapper.cfbundle; includeInIndex = 0; path = UITVCCSTests.xctest; sourceTree = BUILT_PRODUCTS_DIR; };
		A77E994F19AE75AB00045D69 /* XCTest.framework */ = {isa = PBXFileReference; lastKnownFileType = wrapper.framework; name = XCTest.framework; path = Library/Frameworks/XCTest.framework; sourceTree = DEVELOPER_DIR; };
		A77E995719AE75AB00045D69 /* UITVCCSTests-Info.plist */ = {isa = PBXFileReference; lastKnownFileType = text.plist.xml; path = "UITVCCSTests-Info.plist"; sourceTree = "<group>"; };
		A77E995919AE75AB00045D69 /* en */ = {isa = PBXFileReference; lastKnownFileType = text.plist.strings; name = en; path = en.lproj/InfoPlist.strings; sourceTree = "<group>"; };
		A77E995B19AE75AB00045D69 /* UITVCCSTests.m */ = {isa = PBXFileReference; lastKnownFileType = sourcecode.c.objc; path = UITVCCSTests.m; sourceTree = "<group>"; };
/* End PBXFileReference section */

/* Begin PBXFrameworksBuildPhase section */
		A77E992A19AE75AB00045D69 /* Frameworks */ = {
			isa = PBXFrameworksBuildPhase;
			buildActionMask = 2147483647;
			files = (
				A77E993319AE75AB00045D69 /* CoreGraphics.framework in Frameworks */,
				A77E993519AE75AB00045D69 /* UIKit.framework in Frameworks */,
				A77E993119AE75AB00045D69 /* Foundation.framework in Frameworks */,
			);
			runOnlyForDeploymentPostprocessing = 0;
		};
		A77E994B19AE75AB00045D69 /* Frameworks */ = {
			isa = PBXFrameworksBuildPhase;
			buildActionMask = 2147483647;
			files = (
				A77E995019AE75AB00045D69 /* XCTest.framework in Frameworks */,
				A77E995219AE75AB00045D69 /* UIKit.framework in Frameworks */,
				A77E995119AE75AB00045D69 /* Foundation.framework in Frameworks */,
			);
			runOnlyForDeploymentPostprocessing = 0;
		};
/* End PBXFrameworksBuildPhase section */

/* Begin PBXGroup section */
		A77E992419AE75AB00045D69 = {
			isa = PBXGroup;
			children = (
				A77E993619AE75AB00045D69 /* UITVCCS */,
				A77E995519AE75AB00045D69 /* UITVCCSTests */,
				A77E992F19AE75AB00045D69 /* Frameworks */,
				A77E992E19AE75AB00045D69 /* Products */,
			);
			sourceTree = "<group>";
		};
		A77E992E19AE75AB00045D69 /* Products */ = {
			isa = PBXGroup;
			children = (
				A77E992D19AE75AB00045D69 /* UITVCCS.app */,
				A77E994E19AE75AB00045D69 /* UITVCCSTests.xctest */,
			);
			name = Products;
			sourceTree = "<group>";
		};
		A77E992F19AE75AB00045D69 /* Frameworks */ = {
			isa = PBXGroup;
			children = (
				A77E993019AE75AB00045D69 /* Foundation.framework */,
				A77E993219AE75AB00045D69 /* CoreGraphics.framework */,
				A77E993419AE75AB00045D69 /* UIKit.framework */,
				A77E994F19AE75AB00045D69 /* XCTest.framework */,
			);
			name = Frameworks;
			sourceTree = "<group>";
		};
		A77E993619AE75AB00045D69 /* UITVCCS */ = {
			isa = PBXGroup;
			children = (
				A77E993F19AE75AB00045D69 /* AGEUITVCCSAppDelegate.h */,
				A77E994019AE75AB00045D69 /* AGEUITVCCSAppDelegate.m */,
				A77E994219AE75AB00045D69 /* Main.storyboard */,
				A77E994519AE75AB00045D69 /* AGEUITVCCSViewController.h */,
				A77E994619AE75AB00045D69 /* AGEUITVCCSViewController.m */,
				A77E994819AE75AB00045D69 /* Images.xcassets */,
				A77E993719AE75AB00045D69 /* Supporting Files */,
			);
			path = UITVCCS;
			sourceTree = "<group>";
		};
		A77E993719AE75AB00045D69 /* Supporting Files */ = {
			isa = PBXGroup;
			children = (
				A77E993819AE75AB00045D69 /* UITVCCS-Info.plist */,
				A77E993919AE75AB00045D69 /* InfoPlist.strings */,
				A77E993C19AE75AB00045D69 /* main.m */,
				A77E993E19AE75AB00045D69 /* UITVCCS-Prefix.pch */,
			);
			name = "Supporting Files";
			sourceTree = "<group>";
		};
		A77E995519AE75AB00045D69 /* UITVCCSTests */ = {
			isa = PBXGroup;
			children = (
				A77E995B19AE75AB00045D69 /* UITVCCSTests.m */,
				A77E995619AE75AB00045D69 /* Supporting Files */,
			);
			path = UITVCCSTests;
			sourceTree = "<group>";
		};
		A77E995619AE75AB00045D69 /* Supporting Files */ = {
			isa = PBXGroup;
			children = (
				A77E995719AE75AB00045D69 /* UITVCCSTests-Info.plist */,
				A77E995819AE75AB00045D69 /* InfoPlist.strings */,
			);
			name = "Supporting Files";
			sourceTree = "<group>";
		};
/* End PBXGroup section */

/* Begin PBXNativeTarget section */
		A77E992C19AE75AB00045D69 /* UITVCCS */ = {
			isa = PBXNativeTarget;
			buildConfigurationList = A77E995F19AE75AB00045D69 /* Build configuration list for PBXNativeTarget "UITVCCS" */;
			buildPhases = (
				A77E992919AE75AB00045D69 /* Sources */,
				A77E992A19AE75AB00045D69 /* Frameworks */,
				A77E992B19AE75AB00045D69 /* Resources */,
			);
			buildRules = (
			);
			dependencies = (
			);
			name = UITVCCS;
			productName = UITVCCS;
			productReference = A77E992D19AE75AB00045D69 /* UITVCCS.app */;
			productType = "com.apple.product-type.application";
		};
		A77E994D19AE75AB00045D69 /* UITVCCSTests */ = {
			isa = PBXNativeTarget;
			buildConfigurationList = A77E996219AE75AB00045D69 /* Build configuration list for PBXNativeTarget "UITVCCSTests" */;
			buildPhases = (
				A77E994A19AE75AB00045D69 /* Sources */,
				A77E994B19AE75AB00045D69 /* Frameworks */,
				A77E994C19AE75AB00045D69 /* Resources */,
			);
			buildRules = (
			);
			dependencies = (
				A77E995419AE75AB00045D69 /* PBXTargetDependency */,
			);
			name = UITVCCSTests;
			productName = UITVCCSTests;
			productReference = A77E994E19AE75AB00045D69 /* UITVCCSTests.xctest */;
			productType = "com.apple.product-type.bundle.unit-test";
		};
/* End PBXNativeTarget section */

/* Begin PBXProject section */
		A77E992519AE75AB00045D69 /* Project object */ = {
			isa = PBXProject;
			attributes = {
				CLASSPREFIX = AGEUITVCCS;
				LastUpgradeCheck = 0510;
				ORGANIZATIONNAME = "IOS7Course-age";
				TargetAttributes = {
					A77E994D19AE75AB00045D69 = {
						TestTargetID = A77E992C19AE75AB00045D69;
					};
				};
			};
			buildConfigurationList = A77E992819AE75AB00045D69 /* Build configuration list for PBXProject "UITVCCS" */;
			compatibilityVersion = "Xcode 3.2";
			developmentRegion = English;
			hasScannedForEncodings = 0;
			knownRegions = (
				en,
				Base,
			);
			mainGroup = A77E992419AE75AB00045D69;
			productRefGroup = A77E992E19AE75AB00045D69 /* Products */;
			projectDirPath = "";
			projectRoot = "";
			targets = (
				A77E992C19AE75AB00045D69 /* UITVCCS */,
				A77E994D19AE75AB00045D69 /* UITVCCSTests */,
			);
		};
/* End PBXProject section */

/* Begin PBXResourcesBuildPhase section */
		A77E992B19AE75AB00045D69 /* Resources */ = {
			isa = PBXResourcesBuildPhase;
			buildActionMask = 2147483647;
			files = (
				A77E994919AE75AB00045D69 /* Images.xcassets in Resources */,
				A77E993B19AE75AB00045D69 /* InfoPlist.strings in Resources */,
				A77E994419AE75AB00045D69 /* Main.storyboard in Resources */,
			);
			runOnlyForDeploymentPostprocessing = 0;
		};
		A77E994C19AE75AB00045D69 /* Resources */ = {
			isa = PBXResourcesBuildPhase;
			buildActionMask = 2147483647;
			files = (
				A77E995A19AE75AB00045D69 /* InfoPlist.strings in Resources */,
			);
			runOnlyForDeploymentPostprocessing = 0;
		};
/* End PBXResourcesBuildPhase section */

/* Begin PBXSourcesBuildPhase section */
		A77E992919AE75AB00045D69 /* Sources */ = {
			isa = PBXSourcesBuildPhase;
			buildActionMask = 2147483647;
			files = (
				A77E994119AE75AB00045D69 /* AGEUITVCCSAppDelegate.m in Sources */,
				A77E994719AE75AB00045D69 /* AGEUITVCCSViewController.m in Sources */,
				A77E993D19AE75AB00045D69 /* main.m in Sources */,
			);
			runOnlyForDeploymentPostprocessing = 0;
		};
		A77E994A19AE75AB00045D69 /* Sources */ = {
			isa = PBXSourcesBuildPhase;
			buildActionMask = 2147483647;
			files = (
				A77E995C19AE75AB00045D69 /* UITVCCSTests.m in Sources */,
			);
			runOnlyForDeploymentPostprocessing = 0;
		};
/* End PBXSourcesBuildPhase section */

/* Begin PBXTargetDependency section */
		A77E995419AE75AB00045D69 /* PBXTargetDependency */ = {
			isa = PBXTargetDependency;
			target = A77E992C19AE75AB00045D69 /* UITVCCS */;
			targetProxy = A77E995319AE75AB00045D69 /* PBXContainerItemProxy */;
		};
/* End PBXTargetDependency section */

/* Begin PBXVariantGroup section */
		A77E993919AE75AB00045D69 /* InfoPlist.strings */ = {
			isa = PBXVariantGroup;
			children = (
				A77E993A19AE75AB00045D69 /* en */,
			);
			name = InfoPlist.strings;
			sourceTree = "<group>";
		};
		A77E994219AE75AB00045D69 /* Main.storyboard */ = {
			isa = PBXVariantGroup;
			children = (
				A77E994319AE75AB00045D69 /* Base */,
			);
			name = Main.storyboard;
			sourceTree = "<group>";
		};
		A77E995819AE75AB00045D69 /* InfoPlist.strings */ = {
			isa = PBXVariantGroup;
			children = (
				A77E995919AE75AB00045D69 /* en */,
			);
			name = InfoPlist.strings;
			sourceTree = "<group>";
		};
/* End PBXVariantGroup section */

/* Begin XCBuildConfiguration section */
		A77E995D19AE75AB00045D69 /* Debug */ = {
			isa = XCBuildConfiguration;
			buildSettings = {
				ALWAYS_SEARCH_USER_PATHS = NO;
				CLANG_CXX_LANGUAGE_STANDARD = "gnu++0x";
				CLANG_CXX_LIBRARY = "libc++";
				CLANG_ENABLE_MODULES = YES;
				CLANG_ENABLE_OBJC_ARC = YES;
				CLANG_WARN_BOOL_CONVERSION = YES;
				CLANG_WARN_CONSTANT_CONVERSION = YES;
				CLANG_WARN_DIRECT_OBJC_ISA_USAGE = YES_ERROR;
				CLANG_WARN_EMPTY_BODY = YES;
				CLANG_WARN_ENUM_CONVERSION = YES;
				CLANG_WARN_INT_CONVERSION = YES;
				CLANG_WARN_OBJC_ROOT_CLASS = YES_ERROR;
				CLANG_WARN__DUPLICATE_METHOD_MATCH = YES;
				"CODE_SIGN_IDENTITY[sdk=iphoneos*]" = "iPhone Developer";
				COPY_PHASE_STRIP = NO;
				GCC_C_LANGUAGE_STANDARD = gnu99;
				GCC_DYNAMIC_NO_PIC = NO;
				GCC_OPTIMIZATION_LEVEL = 0;
				GCC_PREPROCESSOR_DEFINITIONS = (
					"DEBUG=1",
					"$(inherited)",
				);
				GCC_SYMBOLS_PRIVATE_EXTERN = NO;
				GCC_WARN_64_TO_32_BIT_CONVERSION = YES;
				GCC_WARN_ABOUT_RETURN_TYPE = YES_ERROR;
				GCC_WARN_UNDECLARED_SELECTOR = YES;
				GCC_WARN_UNINITIALIZED_AUTOS = YES_AGGRESSIVE;
				GCC_WARN_UNUSED_FUNCTION = YES;
				GCC_WARN_UNUSED_VARIABLE = YES;
				IPHONEOS_DEPLOYMENT_TARGET = 7.1;
				ONLY_ACTIVE_ARCH = YES;
				SDKROOT = iphoneos;
			};
			name = Debug;
		};
		A77E995E19AE75AB00045D69 /* Release */ = {
			isa = XCBuildConfiguration;
			buildSettings = {
				ALWAYS_SEARCH_USER_PATHS = NO;
				CLANG_CXX_LANGUAGE_STANDARD = "gnu++0x";
				CLANG_CXX_LIBRARY = "libc++";
				CLANG_ENABLE_MODULES = YES;
				CLANG_ENABLE_OBJC_ARC = YES;
				CLANG_WARN_BOOL_CONVERSION = YES;
				CLANG_WARN_CONSTANT_CONVERSION = YES;
				CLANG_WARN_DIRECT_OBJC_ISA_USAGE = YES_ERROR;
				CLANG_WARN_EMPTY_BODY = YES;
				CLANG_WARN_ENUM_CONVERSION = YES;
				CLANG_WARN_INT_CONVERSION = YES;
				CLANG_WARN_OBJC_ROOT_CLASS = YES_ERROR;
				CLANG_WARN__DUPLICATE_METHOD_MATCH = YES;
				"CODE_SIGN_IDENTITY[sdk=iphoneos*]" = "iPhone Developer";
				COPY_PHASE_STRIP = YES;
				ENABLE_NS_ASSERTIONS = NO;
				GCC_C_LANGUAGE_STANDARD = gnu99;
				GCC_WARN_64_TO_32_BIT_CONVERSION = YES;
				GCC_WARN_ABOUT_RETURN_TYPE = YES_ERROR;
				GCC_WARN_UNDECLARED_SELECTOR = YES;
				GCC_WARN_UNINITIALIZED_AUTOS = YES_AGGRESSIVE;
				GCC_WARN_UNUSED_FUNCTION = YES;
				GCC_WARN_UNUSED_VARIABLE = YES;
				IPHONEOS_DEPLOYMENT_TARGET = 7.1;
				SDKROOT = iphoneos;
				VALIDATE_PRODUCT = YES;
			};
			name = Release;
		};
		A77E996019AE75AB00045D69 /* Debug */ = {
			isa = XCBuildConfiguration;
			buildSettings = {
				ASSETCATALOG_COMPILER_APPICON_NAME = AppIcon;
				ASSETCATALOG_COMPILER_LAUNCHIMAGE_NAME = LaunchImage;
				GCC_PRECOMPILE_PREFIX_HEADER = YES;
				GCC_PREFIX_HEADER = "UITVCCS/UITVCCS-Prefix.pch";
				INFOPLIST_FILE = "UITVCCS/UITVCCS-Info.plist";
				PRODUCT_NAME = "$(TARGET_NAME)";
				WRAPPER_EXTENSION = app;
			};
			name = Debug;
		};
		A77E996119AE75AB00045D69 /* Release */ = {
			isa = XCBuildConfiguration;
			buildSettings = {
				ASSETCATALOG_COMPILER_APPICON_NAME = AppIcon;
				ASSETCATALOG_COMPILER_LAUNCHIMAGE_NAME = LaunchImage;
				GCC_PRECOMPILE_PREFIX_HEADER = YES;
				GCC_PREFIX_HEADER = "UITVCCS/UITVCCS-Prefix.pch";
				INFOPLIST_FILE = "UITVCCS/UITVCCS-Info.plist";
				PRODUCT_NAME = "$(TARGET_NAME)";
				WRAPPER_EXTENSION = app;
			};
			name = Release;
		};
		A77E996319AE75AB00045D69 /* Debug */ = {
			isa = XCBuildConfiguration;
			buildSettings = {
				BUNDLE_LOADER = "$(BUILT_PRODUCTS_DIR)/UITVCCS.app/UITVCCS";
				FRAMEWORK_SEARCH_PATHS = (
					"$(SDKROOT)/Developer/Library/Frameworks",
					"$(inherited)",
					"$(DEVELOPER_FRAMEWORKS_DIR)",
				);
				GCC_PRECOMPILE_PREFIX_HEADER = YES;
				GCC_PREFIX_HEADER = "UITVCCS/UITVCCS-Prefix.pch";
				GCC_PREPROCESSOR_DEFINITIONS = (
					"DEBUG=1",
					"$(inherited)",
				);
				INFOPLIST_FILE = "UITVCCSTests/UITVCCSTests-Info.plist";
				PRODUCT_NAME = "$(TARGET_NAME)";
				TEST_HOST = "$(BUNDLE_LOADER)";
				WRAPPER_EXTENSION = xctest;
			};
			name = Debug;
		};
		A77E996419AE75AB00045D69 /* Release */ = {
			isa = XCBuildConfiguration;
			buildSettings = {
				BUNDLE_LOADER = "$(BUILT_PRODUCTS_DIR)/UITVCCS.app/UITVCCS";
				FRAMEWORK_SEARCH_PATHS = (
					"$(SDKROOT)/Developer/Library/Frameworks",
					"$(inherited)",
					"$(DEVELOPER_FRAMEWORKS_DIR)",
				);
				GCC_PRECOMPILE_PREFIX_HEADER = YES;
				GCC_PREFIX_HEADER = "UITVCCS/UITVCCS-Prefix.pch";
				INFOPLIST_FILE = "UITVCCSTests/UITVCCSTests-Info.plist";
				PRODUCT_NAME = "$(TARGET_NAME)";
				TEST_HOST = "$(BUNDLE_LOADER)";
				WRAPPER_EXTENSION = xctest;
			};
			name = Release;
		};
/* End XCBuildConfiguration section */

/* Begin XCConfigurationList section */
		A77E992819AE75AB00045D69 /* Build configuration list for PBXProject "UITVCCS" */ = {
			isa = XCConfigurationList;
			buildConfigurations = (
				A77E995D19AE75AB00045D69 /* Debug */,
				A77E995E19AE75AB00045D69 /* Release */,
			);
			defaultConfigurationIsVisible = 0;
			defaultConfigurationName = Release;
		};
		A77E995F19AE75AB00045D69 /* Build configuration list for PBXNativeTarget "UITVCCS" */ = {
			isa = XCConfigurationList;
			buildConfigurations = (
				A77E996019AE75AB00045D69 /* Debug */,
				A77E996119AE75AB00045D69 /* Release */,
			);
			defaultConfigurationIsVisible = 0;
		};
		A77E996219AE75AB00045D69 /* Build configuration list for PBXNativeTarget "UITVCCSTests" */ = {
			isa = XCConfigurationList;
			buildConfigurations = (
				A77E996319AE75AB00045D69 /* Debug */,
				A77E996419AE75AB00045D69 /* Release */,
			);
			defaultConfigurationIsVisible = 0;
		};
/* End XCConfigurationList section */
	};
	rootObject = A77E992519AE75AB00045D69 /* Project object */;
}
